// !$*UTF8*$!
{
	archiveVersion = 1;
	classes = {
	};
	objectVersion = 50;
	objects = {

/* Begin PBXBuildFile section */
		9B0862012267AF0000721936 /* DataResponseHandlerTests.swift in Sources */ = {isa = PBXBuildFile; fileRef = 9B0862002267AF0000721936 /* DataResponseHandlerTests.swift */; };
		9B168465226141B000DCE4E9 /* Future+TestUtility.swift in Sources */ = {isa = PBXBuildFile; fileRef = 9B168464226141B000DCE4E9 /* Future+TestUtility.swift */; };
		9BAB474121BD86F400AD54CA /* AppDelegate.swift in Sources */ = {isa = PBXBuildFile; fileRef = 9BAB474021BD86F400AD54CA /* AppDelegate.swift */; };
		9BAB474321BD86F400AD54CA /* ViewController.swift in Sources */ = {isa = PBXBuildFile; fileRef = 9BAB474221BD86F400AD54CA /* ViewController.swift */; };
		9BAB474821BD86F600AD54CA /* Assets.xcassets in Resources */ = {isa = PBXBuildFile; fileRef = 9BAB474721BD86F600AD54CA /* Assets.xcassets */; };
		9BAB474B21BD86F600AD54CA /* LaunchScreen.storyboard in Resources */ = {isa = PBXBuildFile; fileRef = 9BAB474921BD86F600AD54CA /* LaunchScreen.storyboard */; };
		D808A92222733B9200172FF4 /* Persisting.swift in Sources */ = {isa = PBXBuildFile; fileRef = D808A92122733B9200172FF4 /* Persisting.swift */; };
		D808A92422733C0500172FF4 /* Caching.swift in Sources */ = {isa = PBXBuildFile; fileRef = D808A92322733C0500172FF4 /* Caching.swift */; };
		D8205254225E10BB00936BF9 /* URLSession+Helpers.swift in Sources */ = {isa = PBXBuildFile; fileRef = D8205253225E10BB00936BF9 /* URLSession+Helpers.swift */; };
		D8205256225E217000936BF9 /* RequestTests.swift in Sources */ = {isa = PBXBuildFile; fileRef = D8205255225E217000936BF9 /* RequestTests.swift */; };
		D8205258225E22A300936BF9 /* Request.swift in Sources */ = {isa = PBXBuildFile; fileRef = D8205257225E22A300936BF9 /* Request.swift */; };
		D820525A225E22D000936BF9 /* HTTPMethod.swift in Sources */ = {isa = PBXBuildFile; fileRef = D8205259225E22D000936BF9 /* HTTPMethod.swift */; };
		D820525E225E231B00936BF9 /* NetworkError.swift in Sources */ = {isa = PBXBuildFile; fileRef = D820525D225E231B00936BF9 /* NetworkError.swift */; };
		D821FA0D2264A250003A3B63 /* URLSessionConfiguration+Helpers.swift in Sources */ = {isa = PBXBuildFile; fileRef = D821FA0C2264A250003A3B63 /* URLSessionConfiguration+Helpers.swift */; };
		D821FA0F2264A33F003A3B63 /* WebService.swift in Sources */ = {isa = PBXBuildFile; fileRef = D821FA0E2264A33F003A3B63 /* WebService.swift */; };
		D821FA112264A878003A3B63 /* Environment.swift in Sources */ = {isa = PBXBuildFile; fileRef = D821FA102264A878003A3B63 /* Environment.swift */; };
		D821FA132264AE68003A3B63 /* Endpoint.swift in Sources */ = {isa = PBXBuildFile; fileRef = D821FA122264AE68003A3B63 /* Endpoint.swift */; };
		D821FA172264AEB3003A3B63 /* User.swift in Sources */ = {isa = PBXBuildFile; fileRef = D821FA162264AEB3003A3B63 /* User.swift */; };
		D821FA192264AECE003A3B63 /* SignUpParameters.swift in Sources */ = {isa = PBXBuildFile; fileRef = D821FA182264AECE003A3B63 /* SignUpParameters.swift */; };
		D8498C6C2265CCE200FACD2E /* MockURLSession.swift in Sources */ = {isa = PBXBuildFile; fileRef = D8498C6B2265CCE200FACD2E /* MockURLSession.swift */; };
		D8498C6E2265D22600FACD2E /* WebServiceTests.swift in Sources */ = {isa = PBXBuildFile; fileRef = D8498C6D2265D22600FACD2E /* WebServiceTests.swift */; };
		D8498C702265D24F00FACD2E /* Environment+TestUtility.swift in Sources */ = {isa = PBXBuildFile; fileRef = D8498C6F2265D24F00FACD2E /* Environment+TestUtility.swift */; };
		D84FBB60227847EC0099C70C /* Record.swift in Sources */ = {isa = PBXBuildFile; fileRef = D84FBB5F227847EC0099C70C /* Record.swift */; };
		D88A0F532271F16300C959DD /* Storage.swift in Sources */ = {isa = PBXBuildFile; fileRef = D88A0F522271F16300C959DD /* Storage.swift */; };
		D89075032264C9C700724B89 /* LoginParameters.swift in Sources */ = {isa = PBXBuildFile; fileRef = D89075022264C9C700724B89 /* LoginParameters.swift */; };
		D8AD3179227C296500D2E756 /* CreateOrUpdateRecordParameters.swift in Sources */ = {isa = PBXBuildFile; fileRef = D8AD3178227C296500D2E756 /* CreateOrUpdateRecordParameters.swift */; };
		D8CD1E54227ADFF000BF324C /* Companion.swift in Sources */ = {isa = PBXBuildFile; fileRef = D8CD1E53227ADFF000BF324C /* Companion.swift */; };
		D8DC5D8822661D7400EEC1C4 /* DataTaskResponseHandler.swift in Sources */ = {isa = PBXBuildFile; fileRef = D8DC5D8722661D7400EEC1C4 /* DataTaskResponseHandler.swift */; };
		D8DC5D8A22662A0700EEC1C4 /* Curry.swift in Sources */ = {isa = PBXBuildFile; fileRef = D8DC5D8922662A0700EEC1C4 /* Curry.swift */; };
		D8DD0BEB22773B9600CAC829 /* UpdateUserParameters.swift in Sources */ = {isa = PBXBuildFile; fileRef = D8DD0BEA22773B9600CAC829 /* UpdateUserParameters.swift */; };
		D8FBBE812260DA0D001AFB6A /* Future.swift in Sources */ = {isa = PBXBuildFile; fileRef = D8FBBE802260DA0D001AFB6A /* Future.swift */; };
		D8FBED99225F829D0099D688 /* ForwardComposition.swift in Sources */ = {isa = PBXBuildFile; fileRef = D8FBED98225F829D0099D688 /* ForwardComposition.swift */; };
		D8FBED9B225F86B10099D688 /* ForwardApplication.swift in Sources */ = {isa = PBXBuildFile; fileRef = D8FBED9A225F86B10099D688 /* ForwardApplication.swift */; };
		D8FBEDA2225F985B0099D688 /* URLSessionHelpersTests.swift in Sources */ = {isa = PBXBuildFile; fileRef = D8FBEDA1225F985B0099D688 /* URLSessionHelpersTests.swift */; };
/* End PBXBuildFile section */

/* Begin PBXContainerItemProxy section */
		9BAB475221BD86F600AD54CA /* PBXContainerItemProxy */ = {
			isa = PBXContainerItemProxy;
			containerPortal = 9BAB473521BD86F400AD54CA /* Project object */;
			proxyType = 1;
			remoteGlobalIDString = 9BAB473C21BD86F400AD54CA;
			remoteInfo = "libra-ios";
		};
/* End PBXContainerItemProxy section */

/* Begin PBXFileReference section */
		9B0862002267AF0000721936 /* DataResponseHandlerTests.swift */ = {isa = PBXFileReference; lastKnownFileType = sourcecode.swift; path = DataResponseHandlerTests.swift; sourceTree = "<group>"; };
		9B168464226141B000DCE4E9 /* Future+TestUtility.swift */ = {isa = PBXFileReference; lastKnownFileType = sourcecode.swift; path = "Future+TestUtility.swift"; sourceTree = "<group>"; };
		9BAB473D21BD86F400AD54CA /* libra-ios.app */ = {isa = PBXFileReference; explicitFileType = wrapper.application; includeInIndex = 0; path = "libra-ios.app"; sourceTree = BUILT_PRODUCTS_DIR; };
		9BAB474021BD86F400AD54CA /* AppDelegate.swift */ = {isa = PBXFileReference; lastKnownFileType = sourcecode.swift; path = AppDelegate.swift; sourceTree = "<group>"; };
		9BAB474221BD86F400AD54CA /* ViewController.swift */ = {isa = PBXFileReference; lastKnownFileType = sourcecode.swift; path = ViewController.swift; sourceTree = "<group>"; };
		9BAB474721BD86F600AD54CA /* Assets.xcassets */ = {isa = PBXFileReference; lastKnownFileType = folder.assetcatalog; path = Assets.xcassets; sourceTree = "<group>"; };
		9BAB474A21BD86F600AD54CA /* Base */ = {isa = PBXFileReference; lastKnownFileType = file.storyboard; name = Base; path = Base.lproj/LaunchScreen.storyboard; sourceTree = "<group>"; };
		9BAB474C21BD86F600AD54CA /* Info.plist */ = {isa = PBXFileReference; lastKnownFileType = text.plist.xml; path = Info.plist; sourceTree = "<group>"; };
		9BAB475121BD86F600AD54CA /* libra-iosTests.xctest */ = {isa = PBXFileReference; explicitFileType = wrapper.cfbundle; includeInIndex = 0; path = "libra-iosTests.xctest"; sourceTree = BUILT_PRODUCTS_DIR; };
		9BAB475721BD86F600AD54CA /* Info.plist */ = {isa = PBXFileReference; lastKnownFileType = text.plist.xml; path = Info.plist; sourceTree = "<group>"; };
		D808A92122733B9200172FF4 /* Persisting.swift */ = {isa = PBXFileReference; lastKnownFileType = sourcecode.swift; path = Persisting.swift; sourceTree = "<group>"; };
		D808A92322733C0500172FF4 /* Caching.swift */ = {isa = PBXFileReference; lastKnownFileType = sourcecode.swift; path = Caching.swift; sourceTree = "<group>"; };
		D8205253225E10BB00936BF9 /* URLSession+Helpers.swift */ = {isa = PBXFileReference; lastKnownFileType = sourcecode.swift; path = "URLSession+Helpers.swift"; sourceTree = "<group>"; };
		D8205255225E217000936BF9 /* RequestTests.swift */ = {isa = PBXFileReference; lastKnownFileType = sourcecode.swift; path = RequestTests.swift; sourceTree = "<group>"; };
		D8205257225E22A300936BF9 /* Request.swift */ = {isa = PBXFileReference; lastKnownFileType = sourcecode.swift; path = Request.swift; sourceTree = "<group>"; };
		D8205259225E22D000936BF9 /* HTTPMethod.swift */ = {isa = PBXFileReference; lastKnownFileType = sourcecode.swift; path = HTTPMethod.swift; sourceTree = "<group>"; };
		D820525D225E231B00936BF9 /* NetworkError.swift */ = {isa = PBXFileReference; lastKnownFileType = sourcecode.swift; path = NetworkError.swift; sourceTree = "<group>"; };
		D821FA0C2264A250003A3B63 /* URLSessionConfiguration+Helpers.swift */ = {isa = PBXFileReference; lastKnownFileType = sourcecode.swift; path = "URLSessionConfiguration+Helpers.swift"; sourceTree = "<group>"; };
		D821FA0E2264A33F003A3B63 /* WebService.swift */ = {isa = PBXFileReference; lastKnownFileType = sourcecode.swift; path = WebService.swift; sourceTree = "<group>"; };
		D821FA102264A878003A3B63 /* Environment.swift */ = {isa = PBXFileReference; lastKnownFileType = sourcecode.swift; path = Environment.swift; sourceTree = "<group>"; };
		D821FA122264AE68003A3B63 /* Endpoint.swift */ = {isa = PBXFileReference; lastKnownFileType = sourcecode.swift; path = Endpoint.swift; sourceTree = "<group>"; };
		D821FA162264AEB3003A3B63 /* User.swift */ = {isa = PBXFileReference; lastKnownFileType = sourcecode.swift; path = User.swift; sourceTree = "<group>"; };
		D821FA182264AECE003A3B63 /* SignUpParameters.swift */ = {isa = PBXFileReference; lastKnownFileType = sourcecode.swift; path = SignUpParameters.swift; sourceTree = "<group>"; };
		D8498C6B2265CCE200FACD2E /* MockURLSession.swift */ = {isa = PBXFileReference; lastKnownFileType = sourcecode.swift; path = MockURLSession.swift; sourceTree = "<group>"; };
		D8498C6D2265D22600FACD2E /* WebServiceTests.swift */ = {isa = PBXFileReference; lastKnownFileType = sourcecode.swift; path = WebServiceTests.swift; sourceTree = "<group>"; };
		D8498C6F2265D24F00FACD2E /* Environment+TestUtility.swift */ = {isa = PBXFileReference; lastKnownFileType = sourcecode.swift; path = "Environment+TestUtility.swift"; sourceTree = "<group>"; };
		D84FBB5F227847EC0099C70C /* Record.swift */ = {isa = PBXFileReference; lastKnownFileType = sourcecode.swift; path = Record.swift; sourceTree = "<group>"; };
		D88A0F522271F16300C959DD /* Storage.swift */ = {isa = PBXFileReference; lastKnownFileType = sourcecode.swift; path = Storage.swift; sourceTree = "<group>"; };
		D89075022264C9C700724B89 /* LoginParameters.swift */ = {isa = PBXFileReference; lastKnownFileType = sourcecode.swift; path = LoginParameters.swift; sourceTree = "<group>"; };
		D8AD3178227C296500D2E756 /* CreateOrUpdateRecordParameters.swift */ = {isa = PBXFileReference; lastKnownFileType = sourcecode.swift; path = CreateOrUpdateRecordParameters.swift; sourceTree = "<group>"; };
		D8CD1E53227ADFF000BF324C /* Companion.swift */ = {isa = PBXFileReference; lastKnownFileType = sourcecode.swift; path = Companion.swift; sourceTree = "<group>"; };
		D8DC5D8722661D7400EEC1C4 /* DataTaskResponseHandler.swift */ = {isa = PBXFileReference; lastKnownFileType = sourcecode.swift; path = DataTaskResponseHandler.swift; sourceTree = "<group>"; };
		D8DC5D8922662A0700EEC1C4 /* Curry.swift */ = {isa = PBXFileReference; lastKnownFileType = sourcecode.swift; path = Curry.swift; sourceTree = "<group>"; };
		D8DD0BEA22773B9600CAC829 /* UpdateUserParameters.swift */ = {isa = PBXFileReference; lastKnownFileType = sourcecode.swift; path = UpdateUserParameters.swift; sourceTree = "<group>"; };
		D8FBBE802260DA0D001AFB6A /* Future.swift */ = {isa = PBXFileReference; lastKnownFileType = sourcecode.swift; path = Future.swift; sourceTree = "<group>"; };
		D8FBED98225F829D0099D688 /* ForwardComposition.swift */ = {isa = PBXFileReference; lastKnownFileType = sourcecode.swift; path = ForwardComposition.swift; sourceTree = "<group>"; };
		D8FBED9A225F86B10099D688 /* ForwardApplication.swift */ = {isa = PBXFileReference; lastKnownFileType = sourcecode.swift; path = ForwardApplication.swift; sourceTree = "<group>"; };
		D8FBEDA1225F985B0099D688 /* URLSessionHelpersTests.swift */ = {isa = PBXFileReference; lastKnownFileType = sourcecode.swift; path = URLSessionHelpersTests.swift; sourceTree = "<group>"; };
/* End PBXFileReference section */

/* Begin PBXFrameworksBuildPhase section */
		9BAB473A21BD86F400AD54CA /* Frameworks */ = {
			isa = PBXFrameworksBuildPhase;
			buildActionMask = 2147483647;
			files = (
			);
			runOnlyForDeploymentPostprocessing = 0;
		};
		9BAB474E21BD86F600AD54CA /* Frameworks */ = {
			isa = PBXFrameworksBuildPhase;
			buildActionMask = 2147483647;
			files = (
			);
			runOnlyForDeploymentPostprocessing = 0;
		};
/* End PBXFrameworksBuildPhase section */

/* Begin PBXGroup section */
		9BAB473421BD86F400AD54CA = {
			isa = PBXGroup;
			children = (
				9BAB473F21BD86F400AD54CA /* libra-ios */,
				9BAB475421BD86F600AD54CA /* libra-iosTests */,
				9BAB473E21BD86F400AD54CA /* Products */,
			);
			sourceTree = "<group>";
		};
		9BAB473E21BD86F400AD54CA /* Products */ = {
			isa = PBXGroup;
			children = (
				9BAB473D21BD86F400AD54CA /* libra-ios.app */,
				9BAB475121BD86F600AD54CA /* libra-iosTests.xctest */,
			);
			name = Products;
			sourceTree = "<group>";
		};
		9BAB473F21BD86F400AD54CA /* libra-ios */ = {
			isa = PBXGroup;
			children = (
				D8FBED9C225F87920099D688 /* CustomOperators */,
				D820525F225E235100936BF9 /* Networking */,
				D8DC5D8622661D0C00EEC1C4 /* API */,
				D821FA1A2264AF22003A3B63 /* Models */,
				D88A0F542271F17200C959DD /* Storage */,
				D821FA102264A878003A3B63 /* Environment.swift */,
				9BAB474021BD86F400AD54CA /* AppDelegate.swift */,
				D8FBBE802260DA0D001AFB6A /* Future.swift */,
				9BAB474221BD86F400AD54CA /* ViewController.swift */,
				9BAB474721BD86F600AD54CA /* Assets.xcassets */,
				9BAB474921BD86F600AD54CA /* LaunchScreen.storyboard */,
				9BAB474C21BD86F600AD54CA /* Info.plist */,
			);
			path = "libra-ios";
			sourceTree = "<group>";
		};
		9BAB475421BD86F600AD54CA /* libra-iosTests */ = {
			isa = PBXGroup;
			children = (
				D8498C712265DBE000FACD2E /* TestUtilities */,
				D8498C722265DBF100FACD2E /* Mocks */,
				D8205255225E217000936BF9 /* RequestTests.swift */,
				9B0862002267AF0000721936 /* DataResponseHandlerTests.swift */,
				D8FBEDA1225F985B0099D688 /* URLSessionHelpersTests.swift */,
				D8498C6D2265D22600FACD2E /* WebServiceTests.swift */,
				9BAB475721BD86F600AD54CA /* Info.plist */,
			);
			path = "libra-iosTests";
			sourceTree = "<group>";
		};
		D820525F225E235100936BF9 /* Networking */ = {
			isa = PBXGroup;
			children = (
				D821FA1C2264AF41003A3B63 /* Helpers */,
				D820525D225E231B00936BF9 /* NetworkError.swift */,
				D8205259225E22D000936BF9 /* HTTPMethod.swift */,
				D8205257225E22A300936BF9 /* Request.swift */,
			);
			path = Networking;
			sourceTree = "<group>";
		};
		D821FA1A2264AF22003A3B63 /* Models */ = {
			isa = PBXGroup;
			children = (
				D821FA162264AEB3003A3B63 /* User.swift */,
				D84FBB5F227847EC0099C70C /* Record.swift */,
				D8CD1E53227ADFF000BF324C /* Companion.swift */,
			);
			path = Models;
			sourceTree = "<group>";
		};
		D821FA1B2264AF30003A3B63 /* Parameters */ = {
			isa = PBXGroup;
			children = (
				D821FA182264AECE003A3B63 /* SignUpParameters.swift */,
				D89075022264C9C700724B89 /* LoginParameters.swift */,
				D8DD0BEA22773B9600CAC829 /* UpdateUserParameters.swift */,
				D8AD3178227C296500D2E756 /* CreateOrUpdateRecordParameters.swift */,
			);
			path = Parameters;
			sourceTree = "<group>";
		};
		D821FA1C2264AF41003A3B63 /* Helpers */ = {
			isa = PBXGroup;
			children = (
				D821FA0C2264A250003A3B63 /* URLSessionConfiguration+Helpers.swift */,
				D8205253225E10BB00936BF9 /* URLSession+Helpers.swift */,
			);
			path = Helpers;
			sourceTree = "<group>";
		};
		D8498C712265DBE000FACD2E /* TestUtilities */ = {
			isa = PBXGroup;
			children = (
				D8498C6F2265D24F00FACD2E /* Environment+TestUtility.swift */,
				9B168464226141B000DCE4E9 /* Future+TestUtility.swift */,
			);
			path = TestUtilities;
			sourceTree = "<group>";
		};
		D8498C722265DBF100FACD2E /* Mocks */ = {
			isa = PBXGroup;
			children = (
				D8498C6B2265CCE200FACD2E /* MockURLSession.swift */,
			);
			path = Mocks;
			sourceTree = "<group>";
		};
		D88A0F542271F17200C959DD /* Storage */ = {
			isa = PBXGroup;
			children = (
				D8DD0BE622771EA300CAC829 /* Cache */,
				D88A0F522271F16300C959DD /* Storage.swift */,
			);
			path = Storage;
			sourceTree = "<group>";
		};
		D8DC5D8622661D0C00EEC1C4 /* API */ = {
			isa = PBXGroup;
			children = (
				D821FA1B2264AF30003A3B63 /* Parameters */,
				D821FA122264AE68003A3B63 /* Endpoint.swift */,
				D8DC5D8722661D7400EEC1C4 /* DataTaskResponseHandler.swift */,
				D821FA0E2264A33F003A3B63 /* WebService.swift */,
			);
			path = API;
			sourceTree = "<group>";
		};
		D8DD0BE622771EA300CAC829 /* Cache */ = {
			isa = PBXGroup;
			children = (
				D808A92122733B9200172FF4 /* Persisting.swift */,
				D808A92322733C0500172FF4 /* Caching.swift */,
			);
			path = Cache;
			sourceTree = "<group>";
		};
		D8FBED9C225F87920099D688 /* CustomOperators */ = {
			isa = PBXGroup;
			children = (
				D8FBED9A225F86B10099D688 /* ForwardApplication.swift */,
				D8FBED98225F829D0099D688 /* ForwardComposition.swift */,
				D8DC5D8922662A0700EEC1C4 /* Curry.swift */,
			);
			path = CustomOperators;
			sourceTree = "<group>";
		};
/* End PBXGroup section */

/* Begin PBXNativeTarget section */
		9BAB473C21BD86F400AD54CA /* libra-ios */ = {
			isa = PBXNativeTarget;
			buildConfigurationList = 9BAB475A21BD86F600AD54CA /* Build configuration list for PBXNativeTarget "libra-ios" */;
			buildPhases = (
				9BAB473921BD86F400AD54CA /* Sources */,
				9BAB473A21BD86F400AD54CA /* Frameworks */,
				9BAB473B21BD86F400AD54CA /* Resources */,
			);
			buildRules = (
			);
			dependencies = (
			);
			name = "libra-ios";
			productName = "libra-ios";
			productReference = 9BAB473D21BD86F400AD54CA /* libra-ios.app */;
			productType = "com.apple.product-type.application";
		};
		9BAB475021BD86F600AD54CA /* libra-iosTests */ = {
			isa = PBXNativeTarget;
			buildConfigurationList = 9BAB475D21BD86F600AD54CA /* Build configuration list for PBXNativeTarget "libra-iosTests" */;
			buildPhases = (
				9BAB474D21BD86F600AD54CA /* Sources */,
				9BAB474E21BD86F600AD54CA /* Frameworks */,
				9BAB474F21BD86F600AD54CA /* Resources */,
			);
			buildRules = (
			);
			dependencies = (
				9BAB475321BD86F600AD54CA /* PBXTargetDependency */,
			);
			name = "libra-iosTests";
			productName = "libra-iosTests";
			productReference = 9BAB475121BD86F600AD54CA /* libra-iosTests.xctest */;
			productType = "com.apple.product-type.bundle.unit-test";
		};
/* End PBXNativeTarget section */

/* Begin PBXProject section */
		9BAB473521BD86F400AD54CA /* Project object */ = {
			isa = PBXProject;
			attributes = {
				LastSwiftUpdateCheck = 1010;
				LastUpgradeCheck = 1010;
				ORGANIZATIONNAME = "ShengHua Wu";
				TargetAttributes = {
					9BAB473C21BD86F400AD54CA = {
						CreatedOnToolsVersion = 10.1;
						LastSwiftMigration = 1020;
						SystemCapabilities = {
							com.apple.Keychain = {
								enabled = 0;
							};
						};
					};
					9BAB475021BD86F600AD54CA = {
						CreatedOnToolsVersion = 10.1;
						LastSwiftMigration = 1020;
						TestTargetID = 9BAB473C21BD86F400AD54CA;
					};
				};
			};
			buildConfigurationList = 9BAB473821BD86F400AD54CA /* Build configuration list for PBXProject "libra-ios" */;
			compatibilityVersion = "Xcode 9.3";
			developmentRegion = en;
			hasScannedForEncodings = 0;
			knownRegions = (
				en,
				Base,
			);
			mainGroup = 9BAB473421BD86F400AD54CA;
			productRefGroup = 9BAB473E21BD86F400AD54CA /* Products */;
			projectDirPath = "";
			projectRoot = "";
			targets = (
				9BAB473C21BD86F400AD54CA /* libra-ios */,
				9BAB475021BD86F600AD54CA /* libra-iosTests */,
			);
		};
/* End PBXProject section */

/* Begin PBXResourcesBuildPhase section */
		9BAB473B21BD86F400AD54CA /* Resources */ = {
			isa = PBXResourcesBuildPhase;
			buildActionMask = 2147483647;
			files = (
				9BAB474B21BD86F600AD54CA /* LaunchScreen.storyboard in Resources */,
				9BAB474821BD86F600AD54CA /* Assets.xcassets in Resources */,
			);
			runOnlyForDeploymentPostprocessing = 0;
		};
		9BAB474F21BD86F600AD54CA /* Resources */ = {
			isa = PBXResourcesBuildPhase;
			buildActionMask = 2147483647;
			files = (
			);
			runOnlyForDeploymentPostprocessing = 0;
		};
/* End PBXResourcesBuildPhase section */

/* Begin PBXSourcesBuildPhase section */
		9BAB473921BD86F400AD54CA /* Sources */ = {
			isa = PBXSourcesBuildPhase;
			buildActionMask = 2147483647;
			files = (
				D821FA132264AE68003A3B63 /* Endpoint.swift in Sources */,
				D8205254225E10BB00936BF9 /* URLSession+Helpers.swift in Sources */,
				D8FBED9B225F86B10099D688 /* ForwardApplication.swift in Sources */,
				D821FA172264AEB3003A3B63 /* User.swift in Sources */,
				D821FA0D2264A250003A3B63 /* URLSessionConfiguration+Helpers.swift in Sources */,
				D820525E225E231B00936BF9 /* NetworkError.swift in Sources */,
				D8205258225E22A300936BF9 /* Request.swift in Sources */,
				D808A92222733B9200172FF4 /* Persisting.swift in Sources */,
				9BAB474321BD86F400AD54CA /* ViewController.swift in Sources */,
				D8DC5D8A22662A0700EEC1C4 /* Curry.swift in Sources */,
				D821FA0F2264A33F003A3B63 /* WebService.swift in Sources */,
				D821FA192264AECE003A3B63 /* SignUpParameters.swift in Sources */,
				D84FBB60227847EC0099C70C /* Record.swift in Sources */,
				D88A0F532271F16300C959DD /* Storage.swift in Sources */,
				D8CD1E54227ADFF000BF324C /* Companion.swift in Sources */,
				D8DD0BEB22773B9600CAC829 /* UpdateUserParameters.swift in Sources */,
				D8AD3179227C296500D2E756 /* CreateOrUpdateRecordParameters.swift in Sources */,
				D8FBED99225F829D0099D688 /* ForwardComposition.swift in Sources */,
				D821FA112264A878003A3B63 /* Environment.swift in Sources */,
				D808A92422733C0500172FF4 /* Caching.swift in Sources */,
				D820525A225E22D000936BF9 /* HTTPMethod.swift in Sources */,
				D89075032264C9C700724B89 /* LoginParameters.swift in Sources */,
				D8DC5D8822661D7400EEC1C4 /* DataTaskResponseHandler.swift in Sources */,
				9BAB474121BD86F400AD54CA /* AppDelegate.swift in Sources */,
				D8FBBE812260DA0D001AFB6A /* Future.swift in Sources */,
			);
			runOnlyForDeploymentPostprocessing = 0;
		};
		9BAB474D21BD86F600AD54CA /* Sources */ = {
			isa = PBXSourcesBuildPhase;
			buildActionMask = 2147483647;
			files = (
				D8FBEDA2225F985B0099D688 /* URLSessionHelpersTests.swift in Sources */,
				9B168465226141B000DCE4E9 /* Future+TestUtility.swift in Sources */,
				9B0862012267AF0000721936 /* DataResponseHandlerTests.swift in Sources */,
				D8498C6C2265CCE200FACD2E /* MockURLSession.swift in Sources */,
				D8498C6E2265D22600FACD2E /* WebServiceTests.swift in Sources */,
				D8498C702265D24F00FACD2E /* Environment+TestUtility.swift in Sources */,
				D8205256225E217000936BF9 /* RequestTests.swift in Sources */,
			);
			runOnlyForDeploymentPostprocessing = 0;
		};
/* End PBXSourcesBuildPhase section */

/* Begin PBXTargetDependency section */
		9BAB475321BD86F600AD54CA /* PBXTargetDependency */ = {
			isa = PBXTargetDependency;
			target = 9BAB473C21BD86F400AD54CA /* libra-ios */;
			targetProxy = 9BAB475221BD86F600AD54CA /* PBXContainerItemProxy */;
		};
/* End PBXTargetDependency section */

/* Begin PBXVariantGroup section */
		9BAB474921BD86F600AD54CA /* LaunchScreen.storyboard */ = {
			isa = PBXVariantGroup;
			children = (
				9BAB474A21BD86F600AD54CA /* Base */,
			);
			name = LaunchScreen.storyboard;
			sourceTree = "<group>";
		};
/* End PBXVariantGroup section */

/* Begin XCBuildConfiguration section */
		9BAB475821BD86F600AD54CA /* Debug */ = {
			isa = XCBuildConfiguration;
			buildSettings = {
				ALWAYS_SEARCH_USER_PATHS = NO;
				CLANG_ANALYZER_NONNULL = YES;
				CLANG_ANALYZER_NUMBER_OBJECT_CONVERSION = YES_AGGRESSIVE;
				CLANG_CXX_LANGUAGE_STANDARD = "gnu++14";
				CLANG_CXX_LIBRARY = "libc++";
				CLANG_ENABLE_MODULES = YES;
				CLANG_ENABLE_OBJC_ARC = YES;
				CLANG_ENABLE_OBJC_WEAK = YES;
				CLANG_WARN_BLOCK_CAPTURE_AUTORELEASING = YES;
				CLANG_WARN_BOOL_CONVERSION = YES;
				CLANG_WARN_COMMA = YES;
				CLANG_WARN_CONSTANT_CONVERSION = YES;
				CLANG_WARN_DEPRECATED_OBJC_IMPLEMENTATIONS = YES;
				CLANG_WARN_DIRECT_OBJC_ISA_USAGE = YES_ERROR;
				CLANG_WARN_DOCUMENTATION_COMMENTS = YES;
				CLANG_WARN_EMPTY_BODY = YES;
				CLANG_WARN_ENUM_CONVERSION = YES;
				CLANG_WARN_INFINITE_RECURSION = YES;
				CLANG_WARN_INT_CONVERSION = YES;
				CLANG_WARN_NON_LITERAL_NULL_CONVERSION = YES;
				CLANG_WARN_OBJC_IMPLICIT_RETAIN_SELF = YES;
				CLANG_WARN_OBJC_LITERAL_CONVERSION = YES;
				CLANG_WARN_OBJC_ROOT_CLASS = YES_ERROR;
				CLANG_WARN_RANGE_LOOP_ANALYSIS = YES;
				CLANG_WARN_STRICT_PROTOTYPES = YES;
				CLANG_WARN_SUSPICIOUS_MOVE = YES;
				CLANG_WARN_UNGUARDED_AVAILABILITY = YES_AGGRESSIVE;
				CLANG_WARN_UNREACHABLE_CODE = YES;
				CLANG_WARN__DUPLICATE_METHOD_MATCH = YES;
				CODE_SIGN_IDENTITY = "iPhone Developer";
				COPY_PHASE_STRIP = NO;
				DEBUG_INFORMATION_FORMAT = dwarf;
				ENABLE_STRICT_OBJC_MSGSEND = YES;
				ENABLE_TESTABILITY = YES;
				GCC_C_LANGUAGE_STANDARD = gnu11;
				GCC_DYNAMIC_NO_PIC = NO;
				GCC_NO_COMMON_BLOCKS = YES;
				GCC_OPTIMIZATION_LEVEL = 0;
				GCC_PREPROCESSOR_DEFINITIONS = (
					"DEBUG=1",
					"$(inherited)",
				);
				GCC_WARN_64_TO_32_BIT_CONVERSION = YES;
				GCC_WARN_ABOUT_RETURN_TYPE = YES_ERROR;
				GCC_WARN_UNDECLARED_SELECTOR = YES;
				GCC_WARN_UNINITIALIZED_AUTOS = YES_AGGRESSIVE;
				GCC_WARN_UNUSED_FUNCTION = YES;
				GCC_WARN_UNUSED_VARIABLE = YES;
				IPHONEOS_DEPLOYMENT_TARGET = 12.1;
				MTL_ENABLE_DEBUG_INFO = INCLUDE_SOURCE;
				MTL_FAST_MATH = YES;
				ONLY_ACTIVE_ARCH = YES;
				SDKROOT = iphoneos;
				SWIFT_ACTIVE_COMPILATION_CONDITIONS = DEBUG;
				SWIFT_OPTIMIZATION_LEVEL = "-Onone";
			};
			name = Debug;
		};
		9BAB475921BD86F600AD54CA /* Release */ = {
			isa = XCBuildConfiguration;
			buildSettings = {
				ALWAYS_SEARCH_USER_PATHS = NO;
				CLANG_ANALYZER_NONNULL = YES;
				CLANG_ANALYZER_NUMBER_OBJECT_CONVERSION = YES_AGGRESSIVE;
				CLANG_CXX_LANGUAGE_STANDARD = "gnu++14";
				CLANG_CXX_LIBRARY = "libc++";
				CLANG_ENABLE_MODULES = YES;
				CLANG_ENABLE_OBJC_ARC = YES;
				CLANG_ENABLE_OBJC_WEAK = YES;
				CLANG_WARN_BLOCK_CAPTURE_AUTORELEASING = YES;
				CLANG_WARN_BOOL_CONVERSION = YES;
				CLANG_WARN_COMMA = YES;
				CLANG_WARN_CONSTANT_CONVERSION = YES;
				CLANG_WARN_DEPRECATED_OBJC_IMPLEMENTATIONS = YES;
				CLANG_WARN_DIRECT_OBJC_ISA_USAGE = YES_ERROR;
				CLANG_WARN_DOCUMENTATION_COMMENTS = YES;
				CLANG_WARN_EMPTY_BODY = YES;
				CLANG_WARN_ENUM_CONVERSION = YES;
				CLANG_WARN_INFINITE_RECURSION = YES;
				CLANG_WARN_INT_CONVERSION = YES;
				CLANG_WARN_NON_LITERAL_NULL_CONVERSION = YES;
				CLANG_WARN_OBJC_IMPLICIT_RETAIN_SELF = YES;
				CLANG_WARN_OBJC_LITERAL_CONVERSION = YES;
				CLANG_WARN_OBJC_ROOT_CLASS = YES_ERROR;
				CLANG_WARN_RANGE_LOOP_ANALYSIS = YES;
				CLANG_WARN_STRICT_PROTOTYPES = YES;
				CLANG_WARN_SUSPICIOUS_MOVE = YES;
				CLANG_WARN_UNGUARDED_AVAILABILITY = YES_AGGRESSIVE;
				CLANG_WARN_UNREACHABLE_CODE = YES;
				CLANG_WARN__DUPLICATE_METHOD_MATCH = YES;
				CODE_SIGN_IDENTITY = "iPhone Developer";
				COPY_PHASE_STRIP = NO;
				DEBUG_INFORMATION_FORMAT = "dwarf-with-dsym";
				ENABLE_NS_ASSERTIONS = NO;
				ENABLE_STRICT_OBJC_MSGSEND = YES;
				GCC_C_LANGUAGE_STANDARD = gnu11;
				GCC_NO_COMMON_BLOCKS = YES;
				GCC_WARN_64_TO_32_BIT_CONVERSION = YES;
				GCC_WARN_ABOUT_RETURN_TYPE = YES_ERROR;
				GCC_WARN_UNDECLARED_SELECTOR = YES;
				GCC_WARN_UNINITIALIZED_AUTOS = YES_AGGRESSIVE;
				GCC_WARN_UNUSED_FUNCTION = YES;
				GCC_WARN_UNUSED_VARIABLE = YES;
				IPHONEOS_DEPLOYMENT_TARGET = 12.1;
				MTL_ENABLE_DEBUG_INFO = NO;
				MTL_FAST_MATH = YES;
				SDKROOT = iphoneos;
				SWIFT_COMPILATION_MODE = wholemodule;
				SWIFT_OPTIMIZATION_LEVEL = "-O";
				VALIDATE_PRODUCT = YES;
			};
			name = Release;
		};
		9BAB475B21BD86F600AD54CA /* Debug */ = {
			isa = XCBuildConfiguration;
			buildSettings = {
				ASSETCATALOG_COMPILER_APPICON_NAME = AppIcon;
				BASE_URL = "http://localhost:8080/api/v1";
				CODE_SIGN_STYLE = Automatic;
				DEVELOPMENT_TEAM = 7466UF56YW;
				INFOPLIST_FILE = "libra-ios/Info.plist";
				LD_RUNPATH_SEARCH_PATHS = (
					"$(inherited)",
					"@executable_path/Frameworks",
				);
				PRODUCT_BUNDLE_IDENTIFIER = "org.shenghuawu.libra-ios";
				PRODUCT_NAME = "$(TARGET_NAME)";
				SWIFT_VERSION = 5.0;
				TARGETED_DEVICE_FAMILY = "1,2";
			};
			name = Debug;
		};
		9BAB475C21BD86F600AD54CA /* Release */ = {
			isa = XCBuildConfiguration;
			buildSettings = {
				ASSETCATALOG_COMPILER_APPICON_NAME = AppIcon;
				BASE_URL = "";
				CODE_SIGN_STYLE = Automatic;
				DEVELOPMENT_TEAM = 7466UF56YW;
				INFOPLIST_FILE = "libra-ios/Info.plist";
				LD_RUNPATH_SEARCH_PATHS = (
					"$(inherited)",
					"@executable_path/Frameworks",
				);
				PRODUCT_BUNDLE_IDENTIFIER = "org.shenghuawu.libra-ios";
				PRODUCT_NAME = "$(TARGET_NAME)";
				SWIFT_VERSION = 5.0;
				TARGETED_DEVICE_FAMILY = "1,2";
			};
			name = Release;
		};
		9BAB475E21BD86F600AD54CA /* Debug */ = {
			isa = XCBuildConfiguration;
			buildSettings = {
				ALWAYS_EMBED_SWIFT_STANDARD_LIBRARIES = YES;
				BUNDLE_LOADER = "$(TEST_HOST)";
				CLANG_ENABLE_MODULES = YES;
				CODE_SIGN_STYLE = Automatic;
				INFOPLIST_FILE = "libra-iosTests/Info.plist";
				LD_RUNPATH_SEARCH_PATHS = (
					"$(inherited)",
					"@executable_path/Frameworks",
					"@loader_path/Frameworks",
				);
				PRODUCT_BUNDLE_IDENTIFIER = "org.shenghuawu.libra-iosTests";
				PRODUCT_NAME = "$(TARGET_NAME)";
				SWIFT_OPTIMIZATION_LEVEL = "-Onone";
				SWIFT_VERSION = 5.0;
				TARGETED_DEVICE_FAMILY = "1,2";
				TEST_HOST = "$(BUILT_PRODUCTS_DIR)/libra-ios.app/libra-ios";
			};
			name = Debug;
		};
		9BAB475F21BD86F600AD54CA /* Release */ = {
			isa = XCBuildConfiguration;
			buildSettings = {
				ALWAYS_EMBED_SWIFT_STANDARD_LIBRARIES = YES;
				BUNDLE_LOADER = "$(TEST_HOST)";
				CLANG_ENABLE_MODULES = YES;
				CODE_SIGN_STYLE = Automatic;
				INFOPLIST_FILE = "libra-iosTests/Info.plist";
				LD_RUNPATH_SEARCH_PATHS = (
					"$(inherited)",
					"@executable_path/Frameworks",
					"@loader_path/Frameworks",
				);
				PRODUCT_BUNDLE_IDENTIFIER = "org.shenghuawu.libra-iosTests";
				PRODUCT_NAME = "$(TARGET_NAME)";
				SWIFT_VERSION = 5.0;
				TARGETED_DEVICE_FAMILY = "1,2";
				TEST_HOST = "$(BUILT_PRODUCTS_DIR)/libra-ios.app/libra-ios";
			};
			name = Release;
		};
/* End XCBuildConfiguration section */

/* Begin XCConfigurationList section */
		9BAB473821BD86F400AD54CA /* Build configuration list for PBXProject "libra-ios" */ = {
			isa = XCConfigurationList;
			buildConfigurations = (
				9BAB475821BD86F600AD54CA /* Debug */,
				9BAB475921BD86F600AD54CA /* Release */,
			);
			defaultConfigurationIsVisible = 0;
			defaultConfigurationName = Release;
		};
		9BAB475A21BD86F600AD54CA /* Build configuration list for PBXNativeTarget "libra-ios" */ = {
			isa = XCConfigurationList;
			buildConfigurations = (
				9BAB475B21BD86F600AD54CA /* Debug */,
				9BAB475C21BD86F600AD54CA /* Release */,
			);
			defaultConfigurationIsVisible = 0;
			defaultConfigurationName = Release;
		};
		9BAB475D21BD86F600AD54CA /* Build configuration list for PBXNativeTarget "libra-iosTests" */ = {
			isa = XCConfigurationList;
			buildConfigurations = (
				9BAB475E21BD86F600AD54CA /* Debug */,
				9BAB475F21BD86F600AD54CA /* Release */,
			);
			defaultConfigurationIsVisible = 0;
			defaultConfigurationName = Release;
		};
/* End XCConfigurationList section */
	};
	rootObject = 9BAB473521BD86F400AD54CA /* Project object */;
}
